
Microsoft Visual Studio Solution File, Format Version 12.00
# Visual Studio 15
VisualStudioVersion = 15.0.28307.960
MinimumVisualStudioVersion = 10.0.40219.1
Project("{FAE04EC0-301F-11D3-BF4B-00C04F79EFBC}") = "AccessoryTestClassLibrary", "AccessoryTestClassLibrary\AccessoryTestClassLibrary.csproj", "{FB310E61-193E-4D51-BBF6-52A459D9F87E}"
EndProject
Project("{FAE04EC0-301F-11D3-BF4B-00C04F79EFBC}") = "UnitTestProject", "UnitTestProject\UnitTestProject.csproj", "{540A9AFC-937E-41BE-BC40-861D957462C2}"
EndProject
Global
	GlobalSection(SolutionConfigurationPlatforms) = preSolution
		Debug|Any CPU = Debug|Any CPU
		Release|Any CPU = Release|Any CPU
	EndGlobalSection
	GlobalSection(ProjectConfigurationPlatforms) = postSolution
		{FB310E61-193E-4D51-BBF6-52A459D9F87E}.Debug|Any CPU.ActiveCfg = Debug|Any CPU
		{FB310E61-193E-4D51-BBF6-52A459D9F87E}.Debug|Any CPU.Build.0 = Debug|Any CPU
		{FB310E61-193E-4D51-BBF6-52A459D9F87E}.Release|Any CPU.ActiveCfg = Release|Any CPU
		{FB310E61-193E-4D51-BBF6-52A459D9F87E}.Release|Any CPU.Build.0 = Release|Any CPU
		{540A9AFC-937E-41BE-BC40-861D957462C2}.Debug|Any CPU.ActiveCfg = Debug|Any CPU
		{540A9AFC-937E-41BE-BC40-861D957462C2}.Debug|Any CPU.Build.0 = Debug|Any CPU
		{540A9AFC-937E-41BE-BC40-861D957462C2}.Release|Any CPU.ActiveCfg = Release|Any CPU
		{540A9AFC-937E-41BE-BC40-861D957462C2}.Release|Any CPU.Build.0 = Release|Any CPU
	EndGlobalSection
	GlobalSection(SolutionProperties) = preSolution
		HideSolutionNode = FALSE
	EndGlobalSection
	GlobalSection(ExtensibilityGlobals) = postSolution
		SolutionGuid = {85128DF4-AAE4-4C82-B3C4-5B5FD09127B6}
	EndGlobalSection
EndGlobal
